Microsoft Visual Studio Solution File, Format Version 12.00
# Visual Studio Version 17
VisualStudioVersion = 17.5.2.0
MinimumVisualStudioVersion = 10.0.40219.1
Project("{FAE04EC0-301F-11D3-BF4B-00C04F79EFBC}") = "a6", "a6.csproj", "{5454AC29-E475-D303-34BD-3A8DFBE6E65E}"
EndProject
Global
	GlobalSection(SolutionConfigurationPlatforms) = preSolution
		Debug|Any CPU = Debug|Any CPU
		Release|Any CPU = Release|Any CPU
	EndGlobalSection
	GlobalSection(ProjectConfigurationPlatforms) = postSolution
		{5454AC29-E475-D303-34BD-3A8DFBE6E65E}.Debug|Any CPU.ActiveCfg = Debug|Any CPU
		{5454AC29-E475-D303-34BD-3A8DFBE6E65E}.Debug|Any CPU.Build.0 = Debug|Any CPU
		{5454AC29-E475-D303-34BD-3A8DFBE6E65E}.Release|Any CPU.ActiveCfg = Release|Any CPU
		{5454AC29-E475-D303-34BD-3A8DFBE6E65E}.Release|Any CPU.Build.0 = Release|Any CPU
	EndGlobalSection
	GlobalSection(SolutionProperties) = preSolution
		HideSolutionNode = FALSE
	EndGlobalSection
	GlobalSection(ExtensibilityGlobals) = postSolution
		SolutionGuid = {A39B2CE3-1690-4863-AE3A-5A0DF3318DAA}
	EndGlobalSection
EndGlobal
